
Microsoft Visual Studio Solution File, Format Version 12.00
# Visual Studio Version 16
VisualStudioVersion = 16.0.31624.102
MinimumVisualStudioVersion = 10.0.40219.1
Project("{FAE04EC0-301F-11D3-BF4B-00C04F79EFBC}") = "QLVT", "QLVT\QLVT.csproj", "{C633274C-F48E-4E19-94A2-B449E128F5F9}"
EndProject
Global
	GlobalSection(SolutionConfigurationPlatforms) = preSolution
		Debug|Any CPU = Debug|Any CPU
		Release|Any CPU = Release|Any CPU
	EndGlobalSection
	GlobalSection(ProjectConfigurationPlatforms) = postSolution
		{C633274C-F48E-4E19-94A2-B449E128F5F9}.Debug|Any CPU.ActiveCfg = Debug|Any CPU
		{C633274C-F48E-4E19-94A2-B449E128F5F9}.Debug|Any CPU.Build.0 = Debug|Any CPU
		{C633274C-F48E-4E19-94A2-B449E128F5F9}.Release|Any CPU.ActiveCfg = Release|Any CPU
		{C633274C-F48E-4E19-94A2-B449E128F5F9}.Release|Any CPU.Build.0 = Release|Any CPU
	EndGlobalSection
	GlobalSection(SolutionProperties) = preSolution
		HideSolutionNode = FALSE
	EndGlobalSection
	GlobalSection(ExtensibilityGlobals) = postSolution
		SolutionGuid = {FA64A9F5-90DB-4D32-B591-72B149912806}
	EndGlobalSection
EndGlobal
